
Microsoft Visual Studio Solution File, Format Version 12.00
# Visual Studio Version 17
VisualStudioVersion = 17.12.35707.178 d17.12
MinimumVisualStudioVersion = 10.0.40219.1
Project("{FAE04EC0-301F-11D3-BF4B-00C04F79EFBC}") = "ArcCoffee-backend", "ArcCoffee-backend\ArcCoffee-backend.csproj", "{21B99D18-3ACE-4168-9140-6D0AB83344F5}"
EndProject
Global
	GlobalSection(SolutionConfigurationPlatforms) = preSolution
		Debug|Any CPU = Debug|Any CPU
		Release|Any CPU = Release|Any CPU
	EndGlobalSection
	GlobalSection(ProjectConfigurationPlatforms) = postSolution
		{21B99D18-3ACE-4168-9140-6D0AB83344F5}.Debug|Any CPU.ActiveCfg = Debug|Any CPU
		{21B99D18-3ACE-4168-9140-6D0AB83344F5}.Debug|Any CPU.Build.0 = Debug|Any CPU
		{21B99D18-3ACE-4168-9140-6D0AB83344F5}.Release|Any CPU.ActiveCfg = Release|Any CPU
		{21B99D18-3ACE-4168-9140-6D0AB83344F5}.Release|Any CPU.Build.0 = Release|Any CPU
	EndGlobalSection
	GlobalSection(SolutionProperties) = preSolution
		HideSolutionNode = FALSE
	EndGlobalSection
EndGlobal
